# Code generated by scarb DO NOT EDIT.
version = 1

[[package]]
name = "kill_switch"
version = "0.1.0"
source = "git+https://github.com/starknet-edu/kill-switch#eb11d5580807280f0c7e7a38db1f468e7f50dad8"

[[package]]
name = "openzeppelin"
version = "0.14.0"
source = "git+https://github.com/OpenZeppelin/cairo-contracts.git?tag=v0.14.0#f091c4f51ddeb10297db984acae965328c5a4e5b"

[[package]]
name = "snforge_std"
version = "0.27.0"
source = "git+https://github.com/foundry-rs/starknet-foundry?tag=v0.27.0#2d99b7c00678ef0363881ee0273550c44a9263de"

[[package]]
name = "workshop"
version = "0.1.0"
dependencies = [
 "kill_switch",
 "openzeppelin",
 "snforge_std",
]
